
Microsoft Visual Studio Solution File, Format Version 12.00
Project("{FAE04EC0-301F-11D3-BF4B-00C04F79EFBC}") = "PortfolioWebsite - Coursera", "PortfolioWebsite - Coursera.csproj", "{FFB925CA-0FFC-4E31-B463-DCCFA2BCC30C}"
EndProject
Global
	GlobalSection(SolutionConfigurationPlatforms) = preSolution
		Debug|Any CPU = Debug|Any CPU
		Release|Any CPU = Release|Any CPU
	EndGlobalSection
	GlobalSection(ProjectConfigurationPlatforms) = postSolution
		{FFB925CA-0FFC-4E31-B463-DCCFA2BCC30C}.Debug|Any CPU.ActiveCfg = Debug|Any CPU
		{FFB925CA-0FFC-4E31-B463-DCCFA2BCC30C}.Debug|Any CPU.Build.0 = Debug|Any CPU
		{FFB925CA-0FFC-4E31-B463-DCCFA2BCC30C}.Release|Any CPU.ActiveCfg = Release|Any CPU
		{FFB925CA-0FFC-4E31-B463-DCCFA2BCC30C}.Release|Any CPU.Build.0 = Release|Any CPU
	EndGlobalSection
EndGlobal
